
Microsoft Visual Studio Solution File, Format Version 12.00
# Visual Studio 14
VisualStudioVersion = 14.0.25420.1
MinimumVisualStudioVersion = 10.0.40219.1
Project("{8BC9CEB8-8B4A-11D0-8D11-00A0C91BC942}") = "Lib0", "Lib0\Lib0.vcxproj", "{E073860A-22B4-4194-B068-B03F974ACFD9}"
EndProject
Project("{8BC9CEB8-8B4A-11D0-8D11-00A0C91BC942}") = "UsingLibDll", "UsingLibDll\UsingLibDll.vcxproj", "{121EA700-8F27-4F06-A5F2-A76B5BC36AF0}"
EndProject
Project("{8BC9CEB8-8B4A-11D0-8D11-00A0C91BC942}") = "W32D", "W32D\W32D.vcxproj", "{32656775-2B9A-4C1C-9970-720029A985D9}"
EndProject
Global
	GlobalSection(SolutionConfigurationPlatforms) = preSolution
		Debug|x64 = Debug|x64
		Debug|x86 = Debug|x86
		Release|x64 = Release|x64
		Release|x86 = Release|x86
	EndGlobalSection
	GlobalSection(ProjectConfigurationPlatforms) = postSolution
		{E073860A-22B4-4194-B068-B03F974ACFD9}.Debug|x64.ActiveCfg = Debug|x64
		{E073860A-22B4-4194-B068-B03F974ACFD9}.Debug|x64.Build.0 = Debug|x64
		{E073860A-22B4-4194-B068-B03F974ACFD9}.Debug|x86.ActiveCfg = Debug|Win32
		{E073860A-22B4-4194-B068-B03F974ACFD9}.Debug|x86.Build.0 = Debug|Win32
		{E073860A-22B4-4194-B068-B03F974ACFD9}.Release|x64.ActiveCfg = Release|x64
		{E073860A-22B4-4194-B068-B03F974ACFD9}.Release|x64.Build.0 = Release|x64
		{E073860A-22B4-4194-B068-B03F974ACFD9}.Release|x86.ActiveCfg = Release|Win32
		{E073860A-22B4-4194-B068-B03F974ACFD9}.Release|x86.Build.0 = Release|Win32
		{121EA700-8F27-4F06-A5F2-A76B5BC36AF0}.Debug|x64.ActiveCfg = Debug|x64
		{121EA700-8F27-4F06-A5F2-A76B5BC36AF0}.Debug|x64.Build.0 = Debug|x64
		{121EA700-8F27-4F06-A5F2-A76B5BC36AF0}.Debug|x86.ActiveCfg = Debug|Win32
		{121EA700-8F27-4F06-A5F2-A76B5BC36AF0}.Debug|x86.Build.0 = Debug|Win32
		{121EA700-8F27-4F06-A5F2-A76B5BC36AF0}.Release|x64.ActiveCfg = Release|x64
		{121EA700-8F27-4F06-A5F2-A76B5BC36AF0}.Release|x64.Build.0 = Release|x64
		{121EA700-8F27-4F06-A5F2-A76B5BC36AF0}.Release|x86.ActiveCfg = Release|Win32
		{121EA700-8F27-4F06-A5F2-A76B5BC36AF0}.Release|x86.Build.0 = Release|Win32
		{32656775-2B9A-4C1C-9970-720029A985D9}.Debug|x64.ActiveCfg = Debug|x64
		{32656775-2B9A-4C1C-9970-720029A985D9}.Debug|x64.Build.0 = Debug|x64
		{32656775-2B9A-4C1C-9970-720029A985D9}.Debug|x86.ActiveCfg = Debug|Win32
		{32656775-2B9A-4C1C-9970-720029A985D9}.Debug|x86.Build.0 = Debug|Win32
		{32656775-2B9A-4C1C-9970-720029A985D9}.Release|x64.ActiveCfg = Release|x64
		{32656775-2B9A-4C1C-9970-720029A985D9}.Release|x64.Build.0 = Release|x64
		{32656775-2B9A-4C1C-9970-720029A985D9}.Release|x86.ActiveCfg = Release|Win32
		{32656775-2B9A-4C1C-9970-720029A985D9}.Release|x86.Build.0 = Release|Win32
	EndGlobalSection
	GlobalSection(SolutionProperties) = preSolution
		HideSolutionNode = FALSE
	EndGlobalSection
EndGlobal
